// !$*UTF8*$!
{
	archiveVersion = 1;
	classes = {
	};
	objectVersion = 50;
	objects = {

/* Begin PBXBuildFile section */
		47DA414D1C22D966E7F0792A /* Pods_Book_Searcher.framework in Frameworks */ = {isa = PBXBuildFile; fileRef = 96474BFD4DAF306043287F15 /* Pods_Book_Searcher.framework */; };
		ABB3599626B7E41C00D40F6A /* AppDelegate.swift in Sources */ = {isa = PBXBuildFile; fileRef = ABB3599526B7E41C00D40F6A /* AppDelegate.swift */; };
		ABB3599826B7E41C00D40F6A /* SceneDelegate.swift in Sources */ = {isa = PBXBuildFile; fileRef = ABB3599726B7E41C00D40F6A /* SceneDelegate.swift */; };
		ABB3599F26B7E41E00D40F6A /* Assets.xcassets in Resources */ = {isa = PBXBuildFile; fileRef = ABB3599E26B7E41E00D40F6A /* Assets.xcassets */; };
		ABB359A226B7E41E00D40F6A /* LaunchScreen.storyboard in Resources */ = {isa = PBXBuildFile; fileRef = ABB359A026B7E41E00D40F6A /* LaunchScreen.storyboard */; };
		ABB359AF26B7E7E500D40F6A /* BookSearchViewController.swift in Sources */ = {isa = PBXBuildFile; fileRef = ABB359AE26B7E7E500D40F6A /* BookSearchViewController.swift */; };
		ABB359C526B80D9400D40F6A /* BookSearchRouter.swift in Sources */ = {isa = PBXBuildFile; fileRef = ABB359C426B80D9400D40F6A /* BookSearchRouter.swift */; };
		ABB359C726B80F4300D40F6A /* BookSearchPresenter.swift in Sources */ = {isa = PBXBuildFile; fileRef = ABB359C626B80F4300D40F6A /* BookSearchPresenter.swift */; };
		ABB359C926B80F6100D40F6A /* Protocols.swift in Sources */ = {isa = PBXBuildFile; fileRef = ABB359C826B80F6100D40F6A /* Protocols.swift */; };
		ABB359CB26B8104200D40F6A /* BookSearchInteractor.swift in Sources */ = {isa = PBXBuildFile; fileRef = ABB359CA26B8104200D40F6A /* BookSearchInteractor.swift */; };
		ABB359CE26B81DA000D40F6A /* Constants.swift in Sources */ = {isa = PBXBuildFile; fileRef = ABB359CD26B81DA000D40F6A /* Constants.swift */; };
		ABB359D026B821EC00D40F6A /* BookResponse.swift in Sources */ = {isa = PBXBuildFile; fileRef = ABB359CF26B821EC00D40F6A /* BookResponse.swift */; };
		ABB359D326B84C4B00D40F6A /* BookCell.swift in Sources */ = {isa = PBXBuildFile; fileRef = ABB359D226B84C4B00D40F6A /* BookCell.swift */; };
/* End PBXBuildFile section */

/* Begin PBXFileReference section */
		3954EAC5779341F8BC8A9A8C /* Pods-Book Searcher.release.xcconfig */ = {isa = PBXFileReference; includeInIndex = 1; lastKnownFileType = text.xcconfig; name = "Pods-Book Searcher.release.xcconfig"; path = "Target Support Files/Pods-Book Searcher/Pods-Book Searcher.release.xcconfig"; sourceTree = "<group>"; };
		78C1168D102E7DFE0933258E /* Pods-Book Searcher.debug.xcconfig */ = {isa = PBXFileReference; includeInIndex = 1; lastKnownFileType = text.xcconfig; name = "Pods-Book Searcher.debug.xcconfig"; path = "Target Support Files/Pods-Book Searcher/Pods-Book Searcher.debug.xcconfig"; sourceTree = "<group>"; };
		96474BFD4DAF306043287F15 /* Pods_Book_Searcher.framework */ = {isa = PBXFileReference; explicitFileType = wrapper.framework; includeInIndex = 0; path = Pods_Book_Searcher.framework; sourceTree = BUILT_PRODUCTS_DIR; };
		ABB3599226B7E41C00D40F6A /* Book Searcher.app */ = {isa = PBXFileReference; explicitFileType = wrapper.application; includeInIndex = 0; path = "Book Searcher.app"; sourceTree = BUILT_PRODUCTS_DIR; };
		ABB3599526B7E41C00D40F6A /* AppDelegate.swift */ = {isa = PBXFileReference; lastKnownFileType = sourcecode.swift; path = AppDelegate.swift; sourceTree = "<group>"; };
		ABB3599726B7E41C00D40F6A /* SceneDelegate.swift */ = {isa = PBXFileReference; lastKnownFileType = sourcecode.swift; path = SceneDelegate.swift; sourceTree = "<group>"; };
		ABB3599E26B7E41E00D40F6A /* Assets.xcassets */ = {isa = PBXFileReference; lastKnownFileType = folder.assetcatalog; path = Assets.xcassets; sourceTree = "<group>"; };
		ABB359A126B7E41E00D40F6A /* Base */ = {isa = PBXFileReference; lastKnownFileType = file.storyboard; name = Base; path = Base.lproj/LaunchScreen.storyboard; sourceTree = "<group>"; };
		ABB359A326B7E41E00D40F6A /* Info.plist */ = {isa = PBXFileReference; lastKnownFileType = text.plist.xml; path = Info.plist; sourceTree = "<group>"; };
		ABB359AE26B7E7E500D40F6A /* BookSearchViewController.swift */ = {isa = PBXFileReference; lastKnownFileType = sourcecode.swift; path = BookSearchViewController.swift; sourceTree = "<group>"; };
		ABB359C426B80D9400D40F6A /* BookSearchRouter.swift */ = {isa = PBXFileReference; lastKnownFileType = sourcecode.swift; path = BookSearchRouter.swift; sourceTree = "<group>"; };
		ABB359C626B80F4300D40F6A /* BookSearchPresenter.swift */ = {isa = PBXFileReference; lastKnownFileType = sourcecode.swift; path = BookSearchPresenter.swift; sourceTree = "<group>"; };
		ABB359C826B80F6100D40F6A /* Protocols.swift */ = {isa = PBXFileReference; lastKnownFileType = sourcecode.swift; path = Protocols.swift; sourceTree = "<group>"; };
		ABB359CA26B8104200D40F6A /* BookSearchInteractor.swift */ = {isa = PBXFileReference; lastKnownFileType = sourcecode.swift; path = BookSearchInteractor.swift; sourceTree = "<group>"; };
		ABB359CD26B81DA000D40F6A /* Constants.swift */ = {isa = PBXFileReference; lastKnownFileType = sourcecode.swift; path = Constants.swift; sourceTree = "<group>"; };
		ABB359CF26B821EC00D40F6A /* BookResponse.swift */ = {isa = PBXFileReference; lastKnownFileType = sourcecode.swift; path = BookResponse.swift; sourceTree = "<group>"; };
		ABB359D226B84C4B00D40F6A /* BookCell.swift */ = {isa = PBXFileReference; lastKnownFileType = sourcecode.swift; path = BookCell.swift; sourceTree = "<group>"; };
/* End PBXFileReference section */

/* Begin PBXFrameworksBuildPhase section */
		ABB3598F26B7E41C00D40F6A /* Frameworks */ = {
			isa = PBXFrameworksBuildPhase;
			buildActionMask = 2147483647;
			files = (
				47DA414D1C22D966E7F0792A /* Pods_Book_Searcher.framework in Frameworks */,
			);
			runOnlyForDeploymentPostprocessing = 0;
		};
/* End PBXFrameworksBuildPhase section */

/* Begin PBXGroup section */
		ABB3598926B7E41C00D40F6A = {
			isa = PBXGroup;
			children = (
				ABB3599426B7E41C00D40F6A /* Book Searcher */,
				ABB3599326B7E41C00D40F6A /* Products */,
				CCB0BA7F3BF4E3BC21DC1300 /* Pods */,
				F806303F3AB01D90D38D1173 /* Frameworks */,
			);
			sourceTree = "<group>";
		};
		ABB3599326B7E41C00D40F6A /* Products */ = {
			isa = PBXGroup;
			children = (
				ABB3599226B7E41C00D40F6A /* Book Searcher.app */,
			);
			name = Products;
			sourceTree = "<group>";
		};
		ABB3599426B7E41C00D40F6A /* Book Searcher */ = {
			isa = PBXGroup;
			children = (
				ABB359AB26B7E7B200D40F6A /* Modules */,
				ABB359A926B7E62700D40F6A /* Supporting files */,
				ABB3599E26B7E41E00D40F6A /* Assets.xcassets */,
				ABB359A326B7E41E00D40F6A /* Info.plist */,
			);
			path = "Book Searcher";
			sourceTree = "<group>";
		};
		ABB359A926B7E62700D40F6A /* Supporting files */ = {
			isa = PBXGroup;
			children = (
				ABB3599526B7E41C00D40F6A /* AppDelegate.swift */,
				ABB3599726B7E41C00D40F6A /* SceneDelegate.swift */,
				ABB359A026B7E41E00D40F6A /* LaunchScreen.storyboard */,
			);
			path = "Supporting files";
			sourceTree = "<group>";
		};
		ABB359AB26B7E7B200D40F6A /* Modules */ = {
			isa = PBXGroup;
			children = (
				ABB359B026B7F46700D40F6A /* BookSearch */,
			);
			path = Modules;
			sourceTree = "<group>";
		};
		ABB359B026B7F46700D40F6A /* BookSearch */ = {
			isa = PBXGroup;
			children = (
				ABB359B426B7FDE800D40F6A /* View */,
				ABB359C326B80D1100D40F6A /* Interactor */,
				ABB359B626B7FDF500D40F6A /* Presenter */,
				ABB359B726B7FDFE00D40F6A /* Entity */,
				ABB359B826B7FE0700D40F6A /* Router */,
				ABB359C826B80F6100D40F6A /* Protocols.swift */,
				ABB359CD26B81DA000D40F6A /* Constants.swift */,
			);
			path = BookSearch;
			sourceTree = "<group>";
		};
		ABB359B426B7FDE800D40F6A /* View */ = {
			isa = PBXGroup;
			children = (
				ABB359D126B84C4300D40F6A /* Cells */,
				ABB359AE26B7E7E500D40F6A /* BookSearchViewController.swift */,
			);
			path = View;
			sourceTree = "<group>";
		};
		ABB359B626B7FDF500D40F6A /* Presenter */ = {
			isa = PBXGroup;
			children = (
				ABB359C626B80F4300D40F6A /* BookSearchPresenter.swift */,
			);
			path = Presenter;
			sourceTree = "<group>";
		};
		ABB359B726B7FDFE00D40F6A /* Entity */ = {
			isa = PBXGroup;
			children = (
				ABB359CF26B821EC00D40F6A /* BookResponse.swift */,
			);
			path = Entity;
			sourceTree = "<group>";
		};
		ABB359B826B7FE0700D40F6A /* Router */ = {
			isa = PBXGroup;
			children = (
				ABB359C426B80D9400D40F6A /* BookSearchRouter.swift */,
			);
			path = Router;
			sourceTree = "<group>";
		};
		ABB359C326B80D1100D40F6A /* Interactor */ = {
			isa = PBXGroup;
			children = (
				ABB359CA26B8104200D40F6A /* BookSearchInteractor.swift */,
			);
			path = Interactor;
			sourceTree = "<group>";
		};
		ABB359D126B84C4300D40F6A /* Cells */ = {
			isa = PBXGroup;
			children = (
				ABB359D226B84C4B00D40F6A /* BookCell.swift */,
			);
			path = Cells;
			sourceTree = "<group>";
		};
		CCB0BA7F3BF4E3BC21DC1300 /* Pods */ = {
			isa = PBXGroup;
			children = (
				78C1168D102E7DFE0933258E /* Pods-Book Searcher.debug.xcconfig */,
				3954EAC5779341F8BC8A9A8C /* Pods-Book Searcher.release.xcconfig */,
			);
			name = Pods;
			path = Pods;
			sourceTree = "<group>";
		};
		F806303F3AB01D90D38D1173 /* Frameworks */ = {
			isa = PBXGroup;
			children = (
				96474BFD4DAF306043287F15 /* Pods_Book_Searcher.framework */,
			);
			name = Frameworks;
			sourceTree = "<group>";
		};
/* End PBXGroup section */

/* Begin PBXNativeTarget section */
		ABB3599126B7E41C00D40F6A /* Book Searcher */ = {
			isa = PBXNativeTarget;
			buildConfigurationList = ABB359A626B7E41E00D40F6A /* Build configuration list for PBXNativeTarget "Book Searcher" */;
			buildPhases = (
				93970C9DD7509C2111AE48FC /* [CP] Check Pods Manifest.lock */,
				ABB3598E26B7E41C00D40F6A /* Sources */,
				ABB3598F26B7E41C00D40F6A /* Frameworks */,
				ABB3599026B7E41C00D40F6A /* Resources */,
				26352FD324A39205B1C9C02F /* [CP] Embed Pods Frameworks */,
			);
			buildRules = (
			);
			dependencies = (
			);
			name = "Book Searcher";
			productName = "Book Searcher";
			productReference = ABB3599226B7E41C00D40F6A /* Book Searcher.app */;
			productType = "com.apple.product-type.application";
		};
/* End PBXNativeTarget section */

/* Begin PBXProject section */
		ABB3598A26B7E41C00D40F6A /* Project object */ = {
			isa = PBXProject;
			attributes = {
				LastSwiftUpdateCheck = 1250;
				LastUpgradeCheck = 1250;
				TargetAttributes = {
					ABB3599126B7E41C00D40F6A = {
						CreatedOnToolsVersion = 12.5.1;
					};
				};
			};
			buildConfigurationList = ABB3598D26B7E41C00D40F6A /* Build configuration list for PBXProject "Book Searcher" */;
			compatibilityVersion = "Xcode 9.3";
			developmentRegion = en;
			hasScannedForEncodings = 0;
			knownRegions = (
				en,
				Base,
			);
			mainGroup = ABB3598926B7E41C00D40F6A;
			productRefGroup = ABB3599326B7E41C00D40F6A /* Products */;
			projectDirPath = "";
			projectRoot = "";
			targets = (
				ABB3599126B7E41C00D40F6A /* Book Searcher */,
			);
		};
/* End PBXProject section */

/* Begin PBXResourcesBuildPhase section */
		ABB3599026B7E41C00D40F6A /* Resources */ = {
			isa = PBXResourcesBuildPhase;
			buildActionMask = 2147483647;
			files = (
				ABB359A226B7E41E00D40F6A /* LaunchScreen.storyboard in Resources */,
				ABB3599F26B7E41E00D40F6A /* Assets.xcassets in Resources */,
			);
			runOnlyForDeploymentPostprocessing = 0;
		};
/* End PBXResourcesBuildPhase section */

/* Begin PBXShellScriptBuildPhase section */
		26352FD324A39205B1C9C02F /* [CP] Embed Pods Frameworks */ = {
			isa = PBXShellScriptBuildPhase;
			buildActionMask = 2147483647;
			files = (
			);
			inputFileListPaths = (
				"${PODS_ROOT}/Target Support Files/Pods-Book Searcher/Pods-Book Searcher-frameworks-${CONFIGURATION}-input-files.xcfilelist",
			);
			name = "[CP] Embed Pods Frameworks";
			outputFileListPaths = (
				"${PODS_ROOT}/Target Support Files/Pods-Book Searcher/Pods-Book Searcher-frameworks-${CONFIGURATION}-output-files.xcfilelist",
			);
			runOnlyForDeploymentPostprocessing = 0;
			shellPath = /bin/sh;
			shellScript = "\"${PODS_ROOT}/Target Support Files/Pods-Book Searcher/Pods-Book Searcher-frameworks.sh\"\n";
			showEnvVarsInLog = 0;
		};
		93970C9DD7509C2111AE48FC /* [CP] Check Pods Manifest.lock */ = {
			isa = PBXShellScriptBuildPhase;
			buildActionMask = 2147483647;
			files = (
			);
			inputFileListPaths = (
			);
			inputPaths = (
				"${PODS_PODFILE_DIR_PATH}/Podfile.lock",
				"${PODS_ROOT}/Manifest.lock",
			);
			name = "[CP] Check Pods Manifest.lock";
			outputFileListPaths = (
			);
			outputPaths = (
				"$(DERIVED_FILE_DIR)/Pods-Book Searcher-checkManifestLockResult.txt",
			);
			runOnlyForDeploymentPostprocessing = 0;
			shellPath = /bin/sh;
			shellScript = "diff \"${PODS_PODFILE_DIR_PATH}/Podfile.lock\" \"${PODS_ROOT}/Manifest.lock\" > /dev/null\nif [ $? != 0 ] ; then\n    # print error to STDERR\n    echo \"error: The sandbox is not in sync with the Podfile.lock. Run 'pod install' or update your CocoaPods installation.\" >&2\n    exit 1\nfi\n# This output is used by Xcode 'outputs' to avoid re-running this script phase.\necho \"SUCCESS\" > \"${SCRIPT_OUTPUT_FILE_0}\"\n";
			showEnvVarsInLog = 0;
		};
/* End PBXShellScriptBuildPhase section */

/* Begin PBXSourcesBuildPhase section */
		ABB3598E26B7E41C00D40F6A /* Sources */ = {
			isa = PBXSourcesBuildPhase;
			buildActionMask = 2147483647;
			files = (
				ABB359C726B80F4300D40F6A /* BookSearchPresenter.swift in Sources */,
				ABB359D026B821EC00D40F6A /* BookResponse.swift in Sources */,
				ABB359C926B80F6100D40F6A /* Protocols.swift in Sources */,
				ABB359C526B80D9400D40F6A /* BookSearchRouter.swift in Sources */,
				ABB359D326B84C4B00D40F6A /* BookCell.swift in Sources */,
				ABB3599626B7E41C00D40F6A /* AppDelegate.swift in Sources */,
				ABB359AF26B7E7E500D40F6A /* BookSearchViewController.swift in Sources */,
				ABB3599826B7E41C00D40F6A /* SceneDelegate.swift in Sources */,
				ABB359CB26B8104200D40F6A /* BookSearchInteractor.swift in Sources */,
				ABB359CE26B81DA000D40F6A /* Constants.swift in Sources */,
			);
			runOnlyForDeploymentPostprocessing = 0;
		};
/* End PBXSourcesBuildPhase section */

/* Begin PBXVariantGroup section */
		ABB359A026B7E41E00D40F6A /* LaunchScreen.storyboard */ = {
			isa = PBXVariantGroup;
			children = (
				ABB359A126B7E41E00D40F6A /* Base */,
			);
			name = LaunchScreen.storyboard;
			sourceTree = "<group>";
		};
/* End PBXVariantGroup section */

/* Begin XCBuildConfiguration section */
		ABB359A426B7E41E00D40F6A /* Debug */ = {
			isa = XCBuildConfiguration;
			buildSettings = {
				ALWAYS_SEARCH_USER_PATHS = NO;
				CLANG_ANALYZER_NONNULL = YES;
				CLANG_ANALYZER_NUMBER_OBJECT_CONVERSION = YES_AGGRESSIVE;
				CLANG_CXX_LANGUAGE_STANDARD = "gnu++14";
				CLANG_CXX_LIBRARY = "libc++";
				CLANG_ENABLE_MODULES = YES;
				CLANG_ENABLE_OBJC_ARC = YES;
				CLANG_ENABLE_OBJC_WEAK = YES;
				CLANG_WARN_BLOCK_CAPTURE_AUTORELEASING = YES;
				CLANG_WARN_BOOL_CONVERSION = YES;
				CLANG_WARN_COMMA = YES;
				CLANG_WARN_CONSTANT_CONVERSION = YES;
				CLANG_WARN_DEPRECATED_OBJC_IMPLEMENTATIONS = YES;
				CLANG_WARN_DIRECT_OBJC_ISA_USAGE = YES_ERROR;
				CLANG_WARN_DOCUMENTATION_COMMENTS = YES;
				CLANG_WARN_EMPTY_BODY = YES;
				CLANG_WARN_ENUM_CONVERSION = YES;
				CLANG_WARN_INFINITE_RECURSION = YES;
				CLANG_WARN_INT_CONVERSION = YES;
				CLANG_WARN_NON_LITERAL_NULL_CONVERSION = YES;
				CLANG_WARN_OBJC_IMPLICIT_RETAIN_SELF = YES;
				CLANG_WARN_OBJC_LITERAL_CONVERSION = YES;
				CLANG_WARN_OBJC_ROOT_CLASS = YES_ERROR;
				CLANG_WARN_QUOTED_INCLUDE_IN_FRAMEWORK_HEADER = YES;
				CLANG_WARN_RANGE_LOOP_ANALYSIS = YES;
				CLANG_WARN_STRICT_PROTOTYPES = YES;
				CLANG_WARN_SUSPICIOUS_MOVE = YES;
				CLANG_WARN_UNGUARDED_AVAILABILITY = YES_AGGRESSIVE;
				CLANG_WARN_UNREACHABLE_CODE = YES;
				CLANG_WARN__DUPLICATE_METHOD_MATCH = YES;
				COPY_PHASE_STRIP = NO;
				DEBUG_INFORMATION_FORMAT = dwarf;
				ENABLE_STRICT_OBJC_MSGSEND = YES;
				ENABLE_TESTABILITY = YES;
				GCC_C_LANGUAGE_STANDARD = gnu11;
				GCC_DYNAMIC_NO_PIC = NO;
				GCC_NO_COMMON_BLOCKS = YES;
				GCC_OPTIMIZATION_LEVEL = 0;
				GCC_PREPROCESSOR_DEFINITIONS = (
					"DEBUG=1",
					"$(inherited)",
				);
				GCC_WARN_64_TO_32_BIT_CONVERSION = YES;
				GCC_WARN_ABOUT_RETURN_TYPE = YES_ERROR;
				GCC_WARN_UNDECLARED_SELECTOR = YES;
				GCC_WARN_UNINITIALIZED_AUTOS = YES_AGGRESSIVE;
				GCC_WARN_UNUSED_FUNCTION = YES;
				GCC_WARN_UNUSED_VARIABLE = YES;
				IPHONEOS_DEPLOYMENT_TARGET = 14.5;
				MTL_ENABLE_DEBUG_INFO = INCLUDE_SOURCE;
				MTL_FAST_MATH = YES;
				ONLY_ACTIVE_ARCH = YES;
				SDKROOT = iphoneos;
				SWIFT_ACTIVE_COMPILATION_CONDITIONS = DEBUG;
				SWIFT_OPTIMIZATION_LEVEL = "-Onone";
			};
			name = Debug;
		};
		ABB359A526B7E41E00D40F6A /* Release */ = {
			isa = XCBuildConfiguration;
			buildSettings = {
				ALWAYS_SEARCH_USER_PATHS = NO;
				CLANG_ANALYZER_NONNULL = YES;
				CLANG_ANALYZER_NUMBER_OBJECT_CONVERSION = YES_AGGRESSIVE;
				CLANG_CXX_LANGUAGE_STANDARD = "gnu++14";
				CLANG_CXX_LIBRARY = "libc++";
				CLANG_ENABLE_MODULES = YES;
				CLANG_ENABLE_OBJC_ARC = YES;
				CLANG_ENABLE_OBJC_WEAK = YES;
				CLANG_WARN_BLOCK_CAPTURE_AUTORELEASING = YES;
				CLANG_WARN_BOOL_CONVERSION = YES;
				CLANG_WARN_COMMA = YES;
				CLANG_WARN_CONSTANT_CONVERSION = YES;
				CLANG_WARN_DEPRECATED_OBJC_IMPLEMENTATIONS = YES;
				CLANG_WARN_DIRECT_OBJC_ISA_USAGE = YES_ERROR;
				CLANG_WARN_DOCUMENTATION_COMMENTS = YES;
				CLANG_WARN_EMPTY_BODY = YES;
				CLANG_WARN_ENUM_CONVERSION = YES;
				CLANG_WARN_INFINITE_RECURSION = YES;
				CLANG_WARN_INT_CONVERSION = YES;
				CLANG_WARN_NON_LITERAL_NULL_CONVERSION = YES;
				CLANG_WARN_OBJC_IMPLICIT_RETAIN_SELF = YES;
				CLANG_WARN_OBJC_LITERAL_CONVERSION = YES;
				CLANG_WARN_OBJC_ROOT_CLASS = YES_ERROR;
				CLANG_WARN_QUOTED_INCLUDE_IN_FRAMEWORK_HEADER = YES;
				CLANG_WARN_RANGE_LOOP_ANALYSIS = YES;
				CLANG_WARN_STRICT_PROTOTYPES = YES;
				CLANG_WARN_SUSPICIOUS_MOVE = YES;
				CLANG_WARN_UNGUARDED_AVAILABILITY = YES_AGGRESSIVE;
				CLANG_WARN_UNREACHABLE_CODE = YES;
				CLANG_WARN__DUPLICATE_METHOD_MATCH = YES;
				COPY_PHASE_STRIP = NO;
				DEBUG_INFORMATION_FORMAT = "dwarf-with-dsym";
				ENABLE_NS_ASSERTIONS = NO;
				ENABLE_STRICT_OBJC_MSGSEND = YES;
				GCC_C_LANGUAGE_STANDARD = gnu11;
				GCC_NO_COMMON_BLOCKS = YES;
				GCC_WARN_64_TO_32_BIT_CONVERSION = YES;
				GCC_WARN_ABOUT_RETURN_TYPE = YES_ERROR;
				GCC_WARN_UNDECLARED_SELECTOR = YES;
				GCC_WARN_UNINITIALIZED_AUTOS = YES_AGGRESSIVE;
				GCC_WARN_UNUSED_FUNCTION = YES;
				GCC_WARN_UNUSED_VARIABLE = YES;
				IPHONEOS_DEPLOYMENT_TARGET = 14.5;
				MTL_ENABLE_DEBUG_INFO = NO;
				MTL_FAST_MATH = YES;
				SDKROOT = iphoneos;
				SWIFT_COMPILATION_MODE = wholemodule;
				SWIFT_OPTIMIZATION_LEVEL = "-O";
				VALIDATE_PRODUCT = YES;
			};
			name = Release;
		};
		ABB359A726B7E41E00D40F6A /* Debug */ = {
			isa = XCBuildConfiguration;
			baseConfigurationReference = 78C1168D102E7DFE0933258E /* Pods-Book Searcher.debug.xcconfig */;
			buildSettings = {
				ASSETCATALOG_COMPILER_APPICON_NAME = AppIcon;
				ASSETCATALOG_COMPILER_GLOBAL_ACCENT_COLOR_NAME = AccentColor;
				CODE_SIGN_STYLE = Automatic;
				DEVELOPMENT_TEAM = WCQRQ8RKJR;
				INFOPLIST_FILE = "Book Searcher/Info.plist";
				LD_RUNPATH_SEARCH_PATHS = (
					"$(inherited)",
					"@executable_path/Frameworks",
				);
				PRODUCT_BUNDLE_IDENTIFIER = "com.oybek.Book-Searcher";
				PRODUCT_NAME = "$(TARGET_NAME)";
				SWIFT_VERSION = 5.0;
				TARGETED_DEVICE_FAMILY = "1,2";
			};
			name = Debug;
		};
		ABB359A826B7E41E00D40F6A /* Release */ = {
			isa = XCBuildConfiguration;
			baseConfigurationReference = 3954EAC5779341F8BC8A9A8C /* Pods-Book Searcher.release.xcconfig */;
			buildSettings = {
				ASSETCATALOG_COMPILER_APPICON_NAME = AppIcon;
				ASSETCATALOG_COMPILER_GLOBAL_ACCENT_COLOR_NAME = AccentColor;
				CODE_SIGN_STYLE = Automatic;
				DEVELOPMENT_TEAM = WCQRQ8RKJR;
				INFOPLIST_FILE = "Book Searcher/Info.plist";
				LD_RUNPATH_SEARCH_PATHS = (
					"$(inherited)",
					"@executable_path/Frameworks",
				);
				PRODUCT_BUNDLE_IDENTIFIER = "com.oybek.Book-Searcher";
				PRODUCT_NAME = "$(TARGET_NAME)";
				SWIFT_VERSION = 5.0;
				TARGETED_DEVICE_FAMILY = "1,2";
			};
			name = Release;
		};
/* End XCBuildConfiguration section */

/* Begin XCConfigurationList section */
		ABB3598D26B7E41C00D40F6A /* Build configuration list for PBXProject "Book Searcher" */ = {
			isa = XCConfigurationList;
			buildConfigurations = (
				ABB359A426B7E41E00D40F6A /* Debug */,
				ABB359A526B7E41E00D40F6A /* Release */,
			);
			defaultConfigurationIsVisible = 0;
			defaultConfigurationName = Release;
		};
		ABB359A626B7E41E00D40F6A /* Build configuration list for PBXNativeTarget "Book Searcher" */ = {
			isa = XCConfigurationList;
			buildConfigurations = (
				ABB359A726B7E41E00D40F6A /* Debug */,
				ABB359A826B7E41E00D40F6A /* Release */,
			);
			defaultConfigurationIsVisible = 0;
			defaultConfigurationName = Release;
		};
/* End XCConfigurationList section */
	};
	rootObject = ABB3598A26B7E41C00D40F6A /* Project object */;
}
